
Microsoft Visual Studio Solution File, Format Version 12.00
# Visual Studio Version 17
VisualStudioVersion = 17.8.34330.188
MinimumVisualStudioVersion = 10.0.40219.1
Project("{FAE04EC0-301F-11D3-BF4B-00C04F79EFBC}") = "2.2_TemplateMethod_Grouping", "2.2_TemplateMethod_Grouping\2.2_TemplateMethod_Grouping.csproj", "{4F89FAE0-F2EE-46ED-8BDA-A86D59858E34}"
EndProject
Global
	GlobalSection(SolutionConfigurationPlatforms) = preSolution
		Debug|Any CPU = Debug|Any CPU
		Release|Any CPU = Release|Any CPU
	EndGlobalSection
	GlobalSection(ProjectConfigurationPlatforms) = postSolution
		{4F89FAE0-F2EE-46ED-8BDA-A86D59858E34}.Debug|Any CPU.ActiveCfg = Debug|Any CPU
		{4F89FAE0-F2EE-46ED-8BDA-A86D59858E34}.Debug|Any CPU.Build.0 = Debug|Any CPU
		{4F89FAE0-F2EE-46ED-8BDA-A86D59858E34}.Release|Any CPU.ActiveCfg = Release|Any CPU
		{4F89FAE0-F2EE-46ED-8BDA-A86D59858E34}.Release|Any CPU.Build.0 = Release|Any CPU
	EndGlobalSection
	GlobalSection(SolutionProperties) = preSolution
		HideSolutionNode = FALSE
	EndGlobalSection
	GlobalSection(ExtensibilityGlobals) = postSolution
		SolutionGuid = {77CDF4AB-F9A7-45C7-8851-EC2A25CD4921}
	EndGlobalSection
EndGlobal
